// !$*UTF8*$!
{
	archiveVersion = 1;
	classes = {
	};
	objectVersion = 46;
	objects = {

/* Begin PBXBuildFile section */
		39E6F46584F5E408A394DA85 /* Pods.framework in Frameworks */ = {isa = PBXBuildFile; fileRef = C37E6DAF664F711583782324 /* Pods.framework */; settings = {ATTRIBUTES = (Weak, ); }; };
		E10566121B9B066E00CC8EE1 /* HealthKit.framework in Frameworks */ = {isa = PBXBuildFile; fileRef = E10566111B9B066E00CC8EE1 /* HealthKit.framework */; };
		EF033CDF1BA1D528003198CD /* InfoTextField.swift in Sources */ = {isa = PBXBuildFile; fileRef = EF033CDE1BA1D528003198CD /* InfoTextField.swift */; };
		EF1045AE1BA5F3FB001AD1CC /* PagesViewController.swift in Sources */ = {isa = PBXBuildFile; fileRef = EF1045AD1BA5F3FB001AD1CC /* PagesViewController.swift */; };
		EF34C26C1BA6358100561955 /* PageContentViewController.swift in Sources */ = {isa = PBXBuildFile; fileRef = EF1045AB1BA5F333001AD1CC /* PageContentViewController.swift */; };
		EF34C26E1BA63B0600561955 /* Colors.swift in Sources */ = {isa = PBXBuildFile; fileRef = EF34C26D1BA63B0600561955 /* Colors.swift */; };
		EF8630EA1BA71159008B5D3B /* Charts.framework in Frameworks */ = {isa = PBXBuildFile; fileRef = EF8630E91BA71118008B5D3B /* Charts.framework */; };
		EF8630EB1BA71159008B5D3B /* Charts.framework in Embed Frameworks */ = {isa = PBXBuildFile; fileRef = EF8630E91BA71118008B5D3B /* Charts.framework */; settings = {ATTRIBUTES = (CodeSignOnCopy, RemoveHeadersOnCopy, ); }; };
		EF9ED6BB1B9F355D0081035F /* HeaderView.swift in Sources */ = {isa = PBXBuildFile; fileRef = EF9ED6BA1B9F355D0081035F /* HeaderView.swift */; };
		EFB8F6401B9FB0180067384C /* MyBodyViewController.swift in Sources */ = {isa = PBXBuildFile; fileRef = EFB8F63F1B9FB0180067384C /* MyBodyViewController.swift */; };
		EFB8F6421BA051030067384C /* MeTableViewCell.swift in Sources */ = {isa = PBXBuildFile; fileRef = EFB8F6411BA051030067384C /* MeTableViewCell.swift */; };
		EFB8F6441BA076D70067384C /* UserInfo.swift in Sources */ = {isa = PBXBuildFile; fileRef = EFB8F6431BA076D70067384C /* UserInfo.swift */; };
		EFD04DE21BA62B57005196BA /* iWalkTests.swift in Sources */ = {isa = PBXBuildFile; fileRef = EFE3F6341B99D9170012E081 /* iWalkTests.swift */; };
		EFE3F61E1B99D9170012E081 /* AppDelegate.swift in Sources */ = {isa = PBXBuildFile; fileRef = EFE3F61D1B99D9170012E081 /* AppDelegate.swift */; };
		EFE3F6201B99D9170012E081 /* MeViewController.swift in Sources */ = {isa = PBXBuildFile; fileRef = EFE3F61F1B99D9170012E081 /* MeViewController.swift */; };
		EFE3F6221B99D9170012E081 /* TodayViewController.swift in Sources */ = {isa = PBXBuildFile; fileRef = EFE3F6211B99D9170012E081 /* TodayViewController.swift */; };
		EFE3F6251B99D9170012E081 /* Main.storyboard in Resources */ = {isa = PBXBuildFile; fileRef = EFE3F6231B99D9170012E081 /* Main.storyboard */; };
		EFE3F6271B99D9170012E081 /* Assets.xcassets in Resources */ = {isa = PBXBuildFile; fileRef = EFE3F6261B99D9170012E081 /* Assets.xcassets */; };
		EFE3F62A1B99D9170012E081 /* LaunchScreen.storyboard in Resources */ = {isa = PBXBuildFile; fileRef = EFE3F6281B99D9170012E081 /* LaunchScreen.storyboard */; };
		EFE3F6401B99D9170012E081 /* iWalkUITests.swift in Sources */ = {isa = PBXBuildFile; fileRef = EFE3F63F1B99D9170012E081 /* iWalkUITests.swift */; };
/* End PBXBuildFile section */

/* Begin PBXContainerItemProxy section */
		EF8630E81BA71118008B5D3B /* PBXContainerItemProxy */ = {
			isa = PBXContainerItemProxy;
			containerPortal = EF8630E41BA71118008B5D3B /* Charts.xcodeproj */;
			proxyType = 2;
			remoteGlobalIDString = 5BA8EC401A9D14DC00CE82E1;
			remoteInfo = Charts;
		};
		EF8630EC1BA71159008B5D3B /* PBXContainerItemProxy */ = {
			isa = PBXContainerItemProxy;
			containerPortal = EF8630E41BA71118008B5D3B /* Charts.xcodeproj */;
			proxyType = 1;
			remoteGlobalIDString = 5BA8EC3F1A9D14DC00CE82E1;
			remoteInfo = Charts;
		};
		EFE3F6311B99D9170012E081 /* PBXContainerItemProxy */ = {
			isa = PBXContainerItemProxy;
			containerPortal = EFE3F6121B99D9170012E081 /* Project object */;
			proxyType = 1;
			remoteGlobalIDString = EFE3F6191B99D9170012E081;
			remoteInfo = iWalk;
		};
		EFE3F63C1B99D9170012E081 /* PBXContainerItemProxy */ = {
			isa = PBXContainerItemProxy;
			containerPortal = EFE3F6121B99D9170012E081 /* Project object */;
			proxyType = 1;
			remoteGlobalIDString = EFE3F6191B99D9170012E081;
			remoteInfo = iWalk;
		};
/* End PBXContainerItemProxy section */

/* Begin PBXCopyFilesBuildPhase section */
		EF8630DD1BA70F4D008B5D3B /* Embed Frameworks */ = {
			isa = PBXCopyFilesBuildPhase;
			buildActionMask = 2147483647;
			dstPath = "";
			dstSubfolderSpec = 10;
			files = (
				EF8630EB1BA71159008B5D3B /* Charts.framework in Embed Frameworks */,
			);
			name = "Embed Frameworks";
			runOnlyForDeploymentPostprocessing = 0;
		};
/* End PBXCopyFilesBuildPhase section */

/* Begin PBXFileReference section */
		A66C69472F21994E39E751D6 /* Pods.release.xcconfig */ = {isa = PBXFileReference; includeInIndex = 1; lastKnownFileType = text.xcconfig; name = Pods.release.xcconfig; path = "Pods/Target Support Files/Pods/Pods.release.xcconfig"; sourceTree = "<group>"; };
		B576AC54223030DBCD8AE2E1 /* Pods.debug.xcconfig */ = {isa = PBXFileReference; includeInIndex = 1; lastKnownFileType = text.xcconfig; name = Pods.debug.xcconfig; path = "Pods/Target Support Files/Pods/Pods.debug.xcconfig"; sourceTree = "<group>"; };
		C37E6DAF664F711583782324 /* Pods.framework */ = {isa = PBXFileReference; explicitFileType = wrapper.framework; includeInIndex = 0; path = Pods.framework; sourceTree = BUILT_PRODUCTS_DIR; };
		E10566111B9B066E00CC8EE1 /* HealthKit.framework */ = {isa = PBXFileReference; lastKnownFileType = wrapper.framework; name = HealthKit.framework; path = System/Library/Frameworks/HealthKit.framework; sourceTree = SDKROOT; };
		EF033CDE1BA1D528003198CD /* InfoTextField.swift */ = {isa = PBXFileReference; fileEncoding = 4; lastKnownFileType = sourcecode.swift; path = InfoTextField.swift; sourceTree = "<group>"; };
		EF1045AB1BA5F333001AD1CC /* PageContentViewController.swift */ = {isa = PBXFileReference; fileEncoding = 4; lastKnownFileType = sourcecode.swift; path = PageContentViewController.swift; sourceTree = "<group>"; };
		EF1045AD1BA5F3FB001AD1CC /* PagesViewController.swift */ = {isa = PBXFileReference; fileEncoding = 4; lastKnownFileType = sourcecode.swift; path = PagesViewController.swift; sourceTree = "<group>"; };
		EF34C26D1BA63B0600561955 /* Colors.swift */ = {isa = PBXFileReference; fileEncoding = 4; lastKnownFileType = sourcecode.swift; path = Colors.swift; sourceTree = "<group>"; };
		EF8630E41BA71118008B5D3B /* Charts.xcodeproj */ = {isa = PBXFileReference; lastKnownFileType = "wrapper.pb-project"; name = Charts.xcodeproj; path = Charts/Charts/Charts.xcodeproj; sourceTree = "<group>"; };
		EF9ED6BA1B9F355D0081035F /* HeaderView.swift */ = {isa = PBXFileReference; fileEncoding = 4; lastKnownFileType = sourcecode.swift; path = HeaderView.swift; sourceTree = "<group>"; };
		EFB8F63F1B9FB0180067384C /* MyBodyViewController.swift */ = {isa = PBXFileReference; fileEncoding = 4; lastKnownFileType = sourcecode.swift; path = MyBodyViewController.swift; sourceTree = "<group>"; };
		EFB8F6411BA051030067384C /* MeTableViewCell.swift */ = {isa = PBXFileReference; fileEncoding = 4; lastKnownFileType = sourcecode.swift; name = MeTableViewCell.swift; path = ../MeTableViewCell.swift; sourceTree = "<group>"; };
		EFB8F6431BA076D70067384C /* UserInfo.swift */ = {isa = PBXFileReference; fileEncoding = 4; lastKnownFileType = sourcecode.swift; name = UserInfo.swift; path = ../UserInfo.swift; sourceTree = "<group>"; };
		EFE3F61A1B99D9170012E081 /* iWalk.app */ = {isa = PBXFileReference; explicitFileType = wrapper.application; includeInIndex = 0; path = iWalk.app; sourceTree = BUILT_PRODUCTS_DIR; };
		EFE3F61D1B99D9170012E081 /* AppDelegate.swift */ = {isa = PBXFileReference; lastKnownFileType = sourcecode.swift; path = AppDelegate.swift; sourceTree = "<group>"; };
		EFE3F61F1B99D9170012E081 /* MeViewController.swift */ = {isa = PBXFileReference; lastKnownFileType = sourcecode.swift; path = MeViewController.swift; sourceTree = "<group>"; };
		EFE3F6211B99D9170012E081 /* TodayViewController.swift */ = {isa = PBXFileReference; lastKnownFileType = sourcecode.swift; path = TodayViewController.swift; sourceTree = "<group>"; };
		EFE3F6241B99D9170012E081 /* Base */ = {isa = PBXFileReference; lastKnownFileType = file.storyboard; name = Base; path = Base.lproj/Main.storyboard; sourceTree = "<group>"; };
		EFE3F6261B99D9170012E081 /* Assets.xcassets */ = {isa = PBXFileReference; lastKnownFileType = folder.assetcatalog; path = Assets.xcassets; sourceTree = "<group>"; };
		EFE3F6291B99D9170012E081 /* Base */ = {isa = PBXFileReference; lastKnownFileType = file.storyboard; name = Base; path = Base.lproj/LaunchScreen.storyboard; sourceTree = "<group>"; };
		EFE3F62B1B99D9170012E081 /* Info.plist */ = {isa = PBXFileReference; lastKnownFileType = text.plist.xml; path = Info.plist; sourceTree = "<group>"; };
		EFE3F6301B99D9170012E081 /* iWalkTests.xctest */ = {isa = PBXFileReference; explicitFileType = wrapper.cfbundle; includeInIndex = 0; path = iWalkTests.xctest; sourceTree = BUILT_PRODUCTS_DIR; };
		EFE3F6341B99D9170012E081 /* iWalkTests.swift */ = {isa = PBXFileReference; lastKnownFileType = sourcecode.swift; path = iWalkTests.swift; sourceTree = "<group>"; };
		EFE3F6361B99D9170012E081 /* Info.plist */ = {isa = PBXFileReference; lastKnownFileType = text.plist.xml; path = Info.plist; sourceTree = "<group>"; };
		EFE3F63B1B99D9170012E081 /* iWalkUITests.xctest */ = {isa = PBXFileReference; explicitFileType = wrapper.cfbundle; includeInIndex = 0; path = iWalkUITests.xctest; sourceTree = BUILT_PRODUCTS_DIR; };
		EFE3F63F1B99D9170012E081 /* iWalkUITests.swift */ = {isa = PBXFileReference; lastKnownFileType = sourcecode.swift; path = iWalkUITests.swift; sourceTree = "<group>"; };
		EFE3F6411B99D9170012E081 /* Info.plist */ = {isa = PBXFileReference; lastKnownFileType = text.plist.xml; path = Info.plist; sourceTree = "<group>"; };
/* End PBXFileReference section */

/* Begin PBXFrameworksBuildPhase section */
		EFE3F6171B99D9170012E081 /* Frameworks */ = {
			isa = PBXFrameworksBuildPhase;
			buildActionMask = 2147483647;
			files = (
				EF8630EA1BA71159008B5D3B /* Charts.framework in Frameworks */,
				E10566121B9B066E00CC8EE1 /* HealthKit.framework in Frameworks */,
				39E6F46584F5E408A394DA85 /* Pods.framework in Frameworks */,
			);
			runOnlyForDeploymentPostprocessing = 0;
		};
		EFE3F62D1B99D9170012E081 /* Frameworks */ = {
			isa = PBXFrameworksBuildPhase;
			buildActionMask = 2147483647;
			files = (
			);
			runOnlyForDeploymentPostprocessing = 0;
		};
		EFE3F6381B99D9170012E081 /* Frameworks */ = {
			isa = PBXFrameworksBuildPhase;
			buildActionMask = 2147483647;
			files = (
			);
			runOnlyForDeploymentPostprocessing = 0;
		};
/* End PBXFrameworksBuildPhase section */

/* Begin PBXGroup section */
		08EDDA153ED62E9BF7B7666A /* Pods */ = {
			isa = PBXGroup;
			children = (
				B576AC54223030DBCD8AE2E1 /* Pods.debug.xcconfig */,
				A66C69472F21994E39E751D6 /* Pods.release.xcconfig */,
			);
			name = Pods;
			sourceTree = "<group>";
		};
		5676153E9ADC215F1A5E7A7B /* Frameworks */ = {
			isa = PBXGroup;
			children = (
				EF8630E41BA71118008B5D3B /* Charts.xcodeproj */,
				C37E6DAF664F711583782324 /* Pods.framework */,
			);
			name = Frameworks;
			sourceTree = "<group>";
		};
		EF10459F1BA5C655001AD1CC /* ViewControllers */ = {
			isa = PBXGroup;
			children = (
				EF1045AB1BA5F333001AD1CC /* PageContentViewController.swift */,
				EF1045AD1BA5F3FB001AD1CC /* PagesViewController.swift */,
				EFE3F61F1B99D9170012E081 /* MeViewController.swift */,
				EFE3F6211B99D9170012E081 /* TodayViewController.swift */,
				EFB8F63F1B9FB0180067384C /* MyBodyViewController.swift */,
			);
			name = ViewControllers;
			sourceTree = "<group>";
		};
		EF1045A01BA5C668001AD1CC /* Models */ = {
			isa = PBXGroup;
			children = (
				EFB8F6431BA076D70067384C /* UserInfo.swift */,
				EF34C26D1BA63B0600561955 /* Colors.swift */,
			);
			name = Models;
			sourceTree = "<group>";
		};
		EF1045A11BA5C67B001AD1CC /* Views */ = {
			isa = PBXGroup;
			children = (
				EFB8F6411BA051030067384C /* MeTableViewCell.swift */,
				EF033CDE1BA1D528003198CD /* InfoTextField.swift */,
				EF9ED6BA1B9F355D0081035F /* HeaderView.swift */,
			);
			name = Views;
			sourceTree = "<group>";
		};
		EF8630E51BA71118008B5D3B /* Products */ = {
			isa = PBXGroup;
			children = (
				EF8630E91BA71118008B5D3B /* Charts.framework */,
			);
			name = Products;
			sourceTree = "<group>";
		};
		EFE3F6111B99D9170012E081 = {
			isa = PBXGroup;
			children = (
				E10566111B9B066E00CC8EE1 /* HealthKit.framework */,
				EFE3F61C1B99D9170012E081 /* iWalk */,
				EFE3F6331B99D9170012E081 /* iWalkTests */,
				EFE3F63E1B99D9170012E081 /* iWalkUITests */,
				EFE3F61B1B99D9170012E081 /* Products */,
				08EDDA153ED62E9BF7B7666A /* Pods */,
				5676153E9ADC215F1A5E7A7B /* Frameworks */,
			);
			sourceTree = "<group>";
		};
		EFE3F61B1B99D9170012E081 /* Products */ = {
			isa = PBXGroup;
			children = (
				EFE3F61A1B99D9170012E081 /* iWalk.app */,
				EFE3F6301B99D9170012E081 /* iWalkTests.xctest */,
				EFE3F63B1B99D9170012E081 /* iWalkUITests.xctest */,
			);
			name = Products;
			sourceTree = "<group>";
		};
		EFE3F61C1B99D9170012E081 /* iWalk */ = {
			isa = PBXGroup;
			children = (
				EF1045A11BA5C67B001AD1CC /* Views */,
				EF1045A01BA5C668001AD1CC /* Models */,
				EF10459F1BA5C655001AD1CC /* ViewControllers */,
				EFE3F61D1B99D9170012E081 /* AppDelegate.swift */,
				EFE3F6231B99D9170012E081 /* Main.storyboard */,
				EFE3F6261B99D9170012E081 /* Assets.xcassets */,
				EFE3F6281B99D9170012E081 /* LaunchScreen.storyboard */,
				EFE3F62B1B99D9170012E081 /* Info.plist */,
			);
			path = iWalk;
			sourceTree = "<group>";
		};
		EFE3F6331B99D9170012E081 /* iWalkTests */ = {
			isa = PBXGroup;
			children = (
				EFE3F6341B99D9170012E081 /* iWalkTests.swift */,
				EFE3F6361B99D9170012E081 /* Info.plist */,
			);
			path = iWalkTests;
			sourceTree = "<group>";
		};
		EFE3F63E1B99D9170012E081 /* iWalkUITests */ = {
			isa = PBXGroup;
			children = (
				EFE3F63F1B99D9170012E081 /* iWalkUITests.swift */,
				EFE3F6411B99D9170012E081 /* Info.plist */,
			);
			path = iWalkUITests;
			sourceTree = "<group>";
		};
/* End PBXGroup section */

/* Begin PBXNativeTarget section */
		EFE3F6191B99D9170012E081 /* iWalk */ = {
			isa = PBXNativeTarget;
			buildConfigurationList = EFE3F6441B99D9170012E081 /* Build configuration list for PBXNativeTarget "iWalk" */;
			buildPhases = (
				C0B5F025D4FBC5D05055B229 /* Check Pods Manifest.lock */,
				EFE3F6161B99D9170012E081 /* Sources */,
				EFE3F6171B99D9170012E081 /* Frameworks */,
				EFE3F6181B99D9170012E081 /* Resources */,
				70E87FA30267B267767C85A3 /* Copy Pods Resources */,
				A84BC6FAB6EEFFC7D9CA34A3 /* Embed Pods Frameworks */,
				EF8630DD1BA70F4D008B5D3B /* Embed Frameworks */,
			);
			buildRules = (
			);
			dependencies = (
				EF8630ED1BA71159008B5D3B /* PBXTargetDependency */,
			);
			name = iWalk;
			productName = iWalk;
			productReference = EFE3F61A1B99D9170012E081 /* iWalk.app */;
			productType = "com.apple.product-type.application";
		};
		EFE3F62F1B99D9170012E081 /* iWalkTests */ = {
			isa = PBXNativeTarget;
			buildConfigurationList = EFE3F6471B99D9170012E081 /* Build configuration list for PBXNativeTarget "iWalkTests" */;
			buildPhases = (
				EFE3F62C1B99D9170012E081 /* Sources */,
				EFE3F62D1B99D9170012E081 /* Frameworks */,
				EFE3F62E1B99D9170012E081 /* Resources */,
			);
			buildRules = (
			);
			dependencies = (
				EFE3F6321B99D9170012E081 /* PBXTargetDependency */,
			);
			name = iWalkTests;
			productName = iWalkTests;
			productReference = EFE3F6301B99D9170012E081 /* iWalkTests.xctest */;
			productType = "com.apple.product-type.bundle.unit-test";
		};
		EFE3F63A1B99D9170012E081 /* iWalkUITests */ = {
			isa = PBXNativeTarget;
			buildConfigurationList = EFE3F64A1B99D9170012E081 /* Build configuration list for PBXNativeTarget "iWalkUITests" */;
			buildPhases = (
				EFE3F6371B99D9170012E081 /* Sources */,
				EFE3F6381B99D9170012E081 /* Frameworks */,
				EFE3F6391B99D9170012E081 /* Resources */,
			);
			buildRules = (
			);
			dependencies = (
				EFE3F63D1B99D9170012E081 /* PBXTargetDependency */,
			);
			name = iWalkUITests;
			productName = iWalkUITests;
			productReference = EFE3F63B1B99D9170012E081 /* iWalkUITests.xctest */;
			productType = "com.apple.product-type.bundle.ui-testing";
		};
/* End PBXNativeTarget section */

/* Begin PBXProject section */
		EFE3F6121B99D9170012E081 /* Project object */ = {
			isa = PBXProject;
			attributes = {
				LastUpgradeCheck = 0700;
				ORGANIZATIONNAME = Giadrea;
				TargetAttributes = {
					EFE3F6191B99D9170012E081 = {
						CreatedOnToolsVersion = 7.0;
						SystemCapabilities = {
							com.apple.BackgroundModes = {
								enabled = 0;
							};
							com.apple.Maps.iOS = {
								enabled = 0;
							};
						};
					};
					EFE3F62F1B99D9170012E081 = {
						CreatedOnToolsVersion = 7.0;
						TestTargetID = EFE3F6191B99D9170012E081;
					};
					EFE3F63A1B99D9170012E081 = {
						CreatedOnToolsVersion = 7.0;
						TestTargetID = EFE3F6191B99D9170012E081;
					};
				};
			};
			buildConfigurationList = EFE3F6151B99D9170012E081 /* Build configuration list for PBXProject "iWalk" */;
			compatibilityVersion = "Xcode 3.2";
			developmentRegion = English;
			hasScannedForEncodings = 0;
			knownRegions = (
				en,
				Base,
			);
			mainGroup = EFE3F6111B99D9170012E081;
			productRefGroup = EFE3F61B1B99D9170012E081 /* Products */;
			projectDirPath = "";
			projectReferences = (
				{
					ProductGroup = EF8630E51BA71118008B5D3B /* Products */;
					ProjectRef = EF8630E41BA71118008B5D3B /* Charts.xcodeproj */;
				},
			);
			projectRoot = "";
			targets = (
				EFE3F6191B99D9170012E081 /* iWalk */,
				EFE3F62F1B99D9170012E081 /* iWalkTests */,
				EFE3F63A1B99D9170012E081 /* iWalkUITests */,
			);
		};
/* End PBXProject section */

/* Begin PBXReferenceProxy section */
		EF8630E91BA71118008B5D3B /* Charts.framework */ = {
			isa = PBXReferenceProxy;
			fileType = wrapper.framework;
			path = Charts.framework;
			remoteRef = EF8630E81BA71118008B5D3B /* PBXContainerItemProxy */;
			sourceTree = BUILT_PRODUCTS_DIR;
		};
/* End PBXReferenceProxy section */

/* Begin PBXResourcesBuildPhase section */
		EFE3F6181B99D9170012E081 /* Resources */ = {
			isa = PBXResourcesBuildPhase;
			buildActionMask = 2147483647;
			files = (
				EFE3F62A1B99D9170012E081 /* LaunchScreen.storyboard in Resources */,
				EFE3F6271B99D9170012E081 /* Assets.xcassets in Resources */,
				EFE3F6251B99D9170012E081 /* Main.storyboard in Resources */,
			);
			runOnlyForDeploymentPostprocessing = 0;
		};
		EFE3F62E1B99D9170012E081 /* Resources */ = {
			isa = PBXResourcesBuildPhase;
			buildActionMask = 2147483647;
			files = (
			);
			runOnlyForDeploymentPostprocessing = 0;
		};
		EFE3F6391B99D9170012E081 /* Resources */ = {
			isa = PBXResourcesBuildPhase;
			buildActionMask = 2147483647;
			files = (
			);
			runOnlyForDeploymentPostprocessing = 0;
		};
/* End PBXResourcesBuildPhase section */

/* Begin PBXShellScriptBuildPhase section */
		70E87FA30267B267767C85A3 /* Copy Pods Resources */ = {
			isa = PBXShellScriptBuildPhase;
			buildActionMask = 2147483647;
			files = (
			);
			inputPaths = (
			);
			name = "Copy Pods Resources";
			outputPaths = (
			);
			runOnlyForDeploymentPostprocessing = 0;
			shellPath = /bin/sh;
			shellScript = "\"${SRCROOT}/Pods/Target Support Files/Pods/Pods-resources.sh\"\n";
			showEnvVarsInLog = 0;
		};
		A84BC6FAB6EEFFC7D9CA34A3 /* Embed Pods Frameworks */ = {
			isa = PBXShellScriptBuildPhase;
			buildActionMask = 2147483647;
			files = (
			);
			inputPaths = (
			);
			name = "Embed Pods Frameworks";
			outputPaths = (
			);
			runOnlyForDeploymentPostprocessing = 0;
			shellPath = /bin/sh;
			shellScript = "\"${SRCROOT}/Pods/Target Support Files/Pods/Pods-frameworks.sh\"\n";
			showEnvVarsInLog = 0;
		};
		C0B5F025D4FBC5D05055B229 /* Check Pods Manifest.lock */ = {
			isa = PBXShellScriptBuildPhase;
			buildActionMask = 2147483647;
			files = (
			);
			inputPaths = (
			);
			name = "Check Pods Manifest.lock";
			outputPaths = (
			);
			runOnlyForDeploymentPostprocessing = 0;
			shellPath = /bin/sh;
			shellScript = "diff \"${PODS_ROOT}/../Podfile.lock\" \"${PODS_ROOT}/Manifest.lock\" > /dev/null\nif [[ $? != 0 ]] ; then\n    cat << EOM\nerror: The sandbox is not in sync with the Podfile.lock. Run 'pod install' or update your CocoaPods installation.\nEOM\n    exit 1\nfi\n";
			showEnvVarsInLog = 0;
		};
/* End PBXShellScriptBuildPhase section */

/* Begin PBXSourcesBuildPhase section */
		EFE3F6161B99D9170012E081 /* Sources */ = {
			isa = PBXSourcesBuildPhase;
			buildActionMask = 2147483647;
			files = (
				EFE3F6221B99D9170012E081 /* TodayViewController.swift in Sources */,
				EFB8F6421BA051030067384C /* MeTableViewCell.swift in Sources */,
				EFE3F61E1B99D9170012E081 /* AppDelegate.swift in Sources */,
				EF1045AE1BA5F3FB001AD1CC /* PagesViewController.swift in Sources */,
				EF34C26C1BA6358100561955 /* PageContentViewController.swift in Sources */,
				EF033CDF1BA1D528003198CD /* InfoTextField.swift in Sources */,
				EFB8F6401B9FB0180067384C /* MyBodyViewController.swift in Sources */,
				EFE3F6201B99D9170012E081 /* MeViewController.swift in Sources */,
				EF34C26E1BA63B0600561955 /* Colors.swift in Sources */,
				EF9ED6BB1B9F355D0081035F /* HeaderView.swift in Sources */,
				EFB8F6441BA076D70067384C /* UserInfo.swift in Sources */,
			);
			runOnlyForDeploymentPostprocessing = 0;
		};
		EFE3F62C1B99D9170012E081 /* Sources */ = {
			isa = PBXSourcesBuildPhase;
			buildActionMask = 2147483647;
			files = (
				EFD04DE21BA62B57005196BA /* iWalkTests.swift in Sources */,
			);
			runOnlyForDeploymentPostprocessing = 0;
		};
		EFE3F6371B99D9170012E081 /* Sources */ = {
			isa = PBXSourcesBuildPhase;
			buildActionMask = 2147483647;
			files = (
				EFE3F6401B99D9170012E081 /* iWalkUITests.swift in Sources */,
			);
			runOnlyForDeploymentPostprocessing = 0;
		};
/* End PBXSourcesBuildPhase section */

/* Begin PBXTargetDependency section */
		EF8630ED1BA71159008B5D3B /* PBXTargetDependency */ = {
			isa = PBXTargetDependency;
			name = Charts;
			targetProxy = EF8630EC1BA71159008B5D3B /* PBXContainerItemProxy */;
		};
		EFE3F6321B99D9170012E081 /* PBXTargetDependency */ = {
			isa = PBXTargetDependency;
			target = EFE3F6191B99D9170012E081 /* iWalk */;
			targetProxy = EFE3F6311B99D9170012E081 /* PBXContainerItemProxy */;
		};
		EFE3F63D1B99D9170012E081 /* PBXTargetDependency */ = {
			isa = PBXTargetDependency;
			target = EFE3F6191B99D9170012E081 /* iWalk */;
			targetProxy = EFE3F63C1B99D9170012E081 /* PBXContainerItemProxy */;
		};
/* End PBXTargetDependency section */

/* Begin PBXVariantGroup section */
		EFE3F6231B99D9170012E081 /* Main.storyboard */ = {
			isa = PBXVariantGroup;
			children = (
				EFE3F6241B99D9170012E081 /* Base */,
			);
			name = Main.storyboard;
			sourceTree = "<group>";
		};
		EFE3F6281B99D9170012E081 /* LaunchScreen.storyboard */ = {
			isa = PBXVariantGroup;
			children = (
				EFE3F6291B99D9170012E081 /* Base */,
			);
			name = LaunchScreen.storyboard;
			sourceTree = "<group>";
		};
/* End PBXVariantGroup section */

/* Begin XCBuildConfiguration section */
		EFE3F6421B99D9170012E081 /* Debug */ = {
			isa = XCBuildConfiguration;
			buildSettings = {
				ALWAYS_SEARCH_USER_PATHS = NO;
				CLANG_CXX_LANGUAGE_STANDARD = "gnu++0x";
				CLANG_CXX_LIBRARY = "libc++";
				CLANG_ENABLE_MODULES = YES;
				CLANG_ENABLE_OBJC_ARC = YES;
				CLANG_WARN_BOOL_CONVERSION = YES;
				CLANG_WARN_CONSTANT_CONVERSION = YES;
				CLANG_WARN_DIRECT_OBJC_ISA_USAGE = YES_ERROR;
				CLANG_WARN_EMPTY_BODY = YES;
				CLANG_WARN_ENUM_CONVERSION = YES;
				CLANG_WARN_INT_CONVERSION = YES;
				CLANG_WARN_OBJC_ROOT_CLASS = YES_ERROR;
				CLANG_WARN_UNREACHABLE_CODE = YES;
				CLANG_WARN__DUPLICATE_METHOD_MATCH = YES;
				"CODE_SIGN_IDENTITY[sdk=iphoneos*]" = "iPhone Developer";
				COPY_PHASE_STRIP = NO;
				DEBUG_INFORMATION_FORMAT = dwarf;
				ENABLE_STRICT_OBJC_MSGSEND = YES;
				ENABLE_TESTABILITY = YES;
				GCC_C_LANGUAGE_STANDARD = gnu99;
				GCC_DYNAMIC_NO_PIC = NO;
				GCC_NO_COMMON_BLOCKS = YES;
				GCC_OPTIMIZATION_LEVEL = 0;
				GCC_PREPROCESSOR_DEFINITIONS = (
					"DEBUG=1",
					"$(inherited)",
				);
				GCC_WARN_64_TO_32_BIT_CONVERSION = YES;
				GCC_WARN_ABOUT_RETURN_TYPE = YES_ERROR;
				GCC_WARN_UNDECLARED_SELECTOR = YES;
				GCC_WARN_UNINITIALIZED_AUTOS = YES_AGGRESSIVE;
				GCC_WARN_UNUSED_FUNCTION = YES;
				GCC_WARN_UNUSED_VARIABLE = YES;
				IPHONEOS_DEPLOYMENT_TARGET = 9.0;
				MTL_ENABLE_DEBUG_INFO = YES;
				ONLY_ACTIVE_ARCH = YES;
				SDKROOT = iphoneos;
				SWIFT_OBJC_BRIDGING_HEADER = "";
				SWIFT_OPTIMIZATION_LEVEL = "-Onone";
				TARGETED_DEVICE_FAMILY = "1,2";
			};
			name = Debug;
		};
		EFE3F6431B99D9170012E081 /* Release */ = {
			isa = XCBuildConfiguration;
			buildSettings = {
				ALWAYS_SEARCH_USER_PATHS = NO;
				CLANG_CXX_LANGUAGE_STANDARD = "gnu++0x";
				CLANG_CXX_LIBRARY = "libc++";
				CLANG_ENABLE_MODULES = YES;
				CLANG_ENABLE_OBJC_ARC = YES;
				CLANG_WARN_BOOL_CONVERSION = YES;
				CLANG_WARN_CONSTANT_CONVERSION = YES;
				CLANG_WARN_DIRECT_OBJC_ISA_USAGE = YES_ERROR;
				CLANG_WARN_EMPTY_BODY = YES;
				CLANG_WARN_ENUM_CONVERSION = YES;
				CLANG_WARN_INT_CONVERSION = YES;
				CLANG_WARN_OBJC_ROOT_CLASS = YES_ERROR;
				CLANG_WARN_UNREACHABLE_CODE = YES;
				CLANG_WARN__DUPLICATE_METHOD_MATCH = YES;
				"CODE_SIGN_IDENTITY[sdk=iphoneos*]" = "iPhone Developer";
				COPY_PHASE_STRIP = NO;
				DEBUG_INFORMATION_FORMAT = "dwarf-with-dsym";
				ENABLE_NS_ASSERTIONS = NO;
				ENABLE_STRICT_OBJC_MSGSEND = YES;
				GCC_C_LANGUAGE_STANDARD = gnu99;
				GCC_NO_COMMON_BLOCKS = YES;
				GCC_WARN_64_TO_32_BIT_CONVERSION = YES;
				GCC_WARN_ABOUT_RETURN_TYPE = YES_ERROR;
				GCC_WARN_UNDECLARED_SELECTOR = YES;
				GCC_WARN_UNINITIALIZED_AUTOS = YES_AGGRESSIVE;
				GCC_WARN_UNUSED_FUNCTION = YES;
				GCC_WARN_UNUSED_VARIABLE = YES;
				IPHONEOS_DEPLOYMENT_TARGET = 9.0;
				MTL_ENABLE_DEBUG_INFO = NO;
				SDKROOT = iphoneos;
				SWIFT_OBJC_BRIDGING_HEADER = "";
				TARGETED_DEVICE_FAMILY = "1,2";
				VALIDATE_PRODUCT = YES;
			};
			name = Release;
		};
		EFE3F6451B99D9170012E081 /* Debug */ = {
			isa = XCBuildConfiguration;
			baseConfigurationReference = B576AC54223030DBCD8AE2E1 /* Pods.debug.xcconfig */;
			buildSettings = {
				ASSETCATALOG_COMPILER_APPICON_NAME = AppIcon;
				DEFINES_MODULE = NO;
				EMBEDDED_CONTENT_CONTAINS_SWIFT = YES;
				INFOPLIST_FILE = iWalk/Info.plist;
				IPHONEOS_DEPLOYMENT_TARGET = 9.0;
				LD_RUNPATH_SEARCH_PATHS = "$(inherited) @executable_path/Frameworks";
				PRODUCT_BUNDLE_IDENTIFIER = com.giadrea.iWalk;
				PRODUCT_NAME = "$(TARGET_NAME)";
				SWIFT_OBJC_BRIDGING_HEADER = "iWalk/BChartView-Bridging-Header.h";
			};
			name = Debug;
		};
		EFE3F6461B99D9170012E081 /* Release */ = {
			isa = XCBuildConfiguration;
			baseConfigurationReference = A66C69472F21994E39E751D6 /* Pods.release.xcconfig */;
			buildSettings = {
				ASSETCATALOG_COMPILER_APPICON_NAME = AppIcon;
				DEFINES_MODULE = NO;
				EMBEDDED_CONTENT_CONTAINS_SWIFT = YES;
				INFOPLIST_FILE = iWalk/Info.plist;
				IPHONEOS_DEPLOYMENT_TARGET = 9.0;
				LD_RUNPATH_SEARCH_PATHS = "$(inherited) @executable_path/Frameworks";
				PRODUCT_BUNDLE_IDENTIFIER = com.giadrea.iWalk;
				PRODUCT_NAME = "$(TARGET_NAME)";
				SWIFT_OBJC_BRIDGING_HEADER = "iWalk/BChartView-Bridging-Header.h";
			};
			name = Release;
		};
		EFE3F6481B99D9170012E081 /* Debug */ = {
			isa = XCBuildConfiguration;
			buildSettings = {
				BUNDLE_LOADER = "$(TEST_HOST)";
				INFOPLIST_FILE = iWalkTests/Info.plist;
				LD_RUNPATH_SEARCH_PATHS = "$(inherited) @executable_path/Frameworks @loader_path/Frameworks";
				PRODUCT_BUNDLE_IDENTIFIER = com.giadrea.iWalkTests;
				PRODUCT_NAME = "$(TARGET_NAME)";
				TEST_HOST = "$(BUILT_PRODUCTS_DIR)/iWalk.app/iWalk";
			};
			name = Debug;
		};
		EFE3F6491B99D9170012E081 /* Release */ = {
			isa = XCBuildConfiguration;
			buildSettings = {
				BUNDLE_LOADER = "$(TEST_HOST)";
				INFOPLIST_FILE = iWalkTests/Info.plist;
				LD_RUNPATH_SEARCH_PATHS = "$(inherited) @executable_path/Frameworks @loader_path/Frameworks";
				PRODUCT_BUNDLE_IDENTIFIER = com.giadrea.iWalkTests;
				PRODUCT_NAME = "$(TARGET_NAME)";
				TEST_HOST = "$(BUILT_PRODUCTS_DIR)/iWalk.app/iWalk";
			};
			name = Release;
		};
		EFE3F64B1B99D9170012E081 /* Debug */ = {
			isa = XCBuildConfiguration;
			buildSettings = {
				INFOPLIST_FILE = iWalkUITests/Info.plist;
				LD_RUNPATH_SEARCH_PATHS = "$(inherited) @executable_path/Frameworks @loader_path/Frameworks";
				PRODUCT_BUNDLE_IDENTIFIER = com.giadrea.iWalkUITests;
				PRODUCT_NAME = "$(TARGET_NAME)";
				TEST_TARGET_NAME = iWalk;
				USES_XCTRUNNER = YES;
			};
			name = Debug;
		};
		EFE3F64C1B99D9170012E081 /* Release */ = {
			isa = XCBuildConfiguration;
			buildSettings = {
				INFOPLIST_FILE = iWalkUITests/Info.plist;
				LD_RUNPATH_SEARCH_PATHS = "$(inherited) @executable_path/Frameworks @loader_path/Frameworks";
				PRODUCT_BUNDLE_IDENTIFIER = com.giadrea.iWalkUITests;
				PRODUCT_NAME = "$(TARGET_NAME)";
				TEST_TARGET_NAME = iWalk;
				USES_XCTRUNNER = YES;
			};
			name = Release;
		};
/* End XCBuildConfiguration section */

/* Begin XCConfigurationList section */
		EFE3F6151B99D9170012E081 /* Build configuration list for PBXProject "iWalk" */ = {
			isa = XCConfigurationList;
			buildConfigurations = (
				EFE3F6421B99D9170012E081 /* Debug */,
				EFE3F6431B99D9170012E081 /* Release */,
			);
			defaultConfigurationIsVisible = 0;
			defaultConfigurationName = Release;
		};
		EFE3F6441B99D9170012E081 /* Build configuration list for PBXNativeTarget "iWalk" */ = {
			isa = XCConfigurationList;
			buildConfigurations = (
				EFE3F6451B99D9170012E081 /* Debug */,
				EFE3F6461B99D9170012E081 /* Release */,
			);
			defaultConfigurationIsVisible = 0;
			defaultConfigurationName = Release;
		};
		EFE3F6471B99D9170012E081 /* Build configuration list for PBXNativeTarget "iWalkTests" */ = {
			isa = XCConfigurationList;
			buildConfigurations = (
				EFE3F6481B99D9170012E081 /* Debug */,
				EFE3F6491B99D9170012E081 /* Release */,
			);
			defaultConfigurationIsVisible = 0;
			defaultConfigurationName = Release;
		};
		EFE3F64A1B99D9170012E081 /* Build configuration list for PBXNativeTarget "iWalkUITests" */ = {
			isa = XCConfigurationList;
			buildConfigurations = (
				EFE3F64B1B99D9170012E081 /* Debug */,
				EFE3F64C1B99D9170012E081 /* Release */,
			);
			defaultConfigurationIsVisible = 0;
			defaultConfigurationName = Release;
		};
/* End XCConfigurationList section */
	};
	rootObject = EFE3F6121B99D9170012E081 /* Project object */;
}
